
Microsoft Visual Studio Solution File, Format Version 12.00
# Visual Studio Version 17
VisualStudioVersion = 17.4.33213.308
MinimumVisualStudioVersion = 10.0.40219.1
Project("{FAE04EC0-301F-11D3-BF4B-00C04F79EFBC}") = "Alarm Kurma", "Alarm Kurma.csproj", "{EB251A40-018F-4AAF-A7E7-C4651EFD4BDE}"
EndProject
Global
	GlobalSection(SolutionConfigurationPlatforms) = preSolution
		Debug|Any CPU = Debug|Any CPU
		Release|Any CPU = Release|Any CPU
	EndGlobalSection
	GlobalSection(ProjectConfigurationPlatforms) = postSolution
		{EB251A40-018F-4AAF-A7E7-C4651EFD4BDE}.Debug|Any CPU.ActiveCfg = Debug|Any CPU
		{EB251A40-018F-4AAF-A7E7-C4651EFD4BDE}.Debug|Any CPU.Build.0 = Debug|Any CPU
		{EB251A40-018F-4AAF-A7E7-C4651EFD4BDE}.Release|Any CPU.ActiveCfg = Release|Any CPU
		{EB251A40-018F-4AAF-A7E7-C4651EFD4BDE}.Release|Any CPU.Build.0 = Release|Any CPU
	EndGlobalSection
	GlobalSection(SolutionProperties) = preSolution
		HideSolutionNode = FALSE
	EndGlobalSection
	GlobalSection(ExtensibilityGlobals) = postSolution
		SolutionGuid = {E2009654-2885-4D73-8E07-E47D3A3C2B75}
	EndGlobalSection
EndGlobal
